Microsoft Visual Studio Solution File, Format Version 9.00
# Visual Studio 2005
Project("{FAE04EC0-301F-11D3-BF4B-00C04F79EFBC}") = "GenericSerialization", "GenericSerialization.csproj", "{756E3B48-A9DB-4A0A-B24D-A0D0FCD4C75A}"
EndProject
Project("{FAE04EC0-301F-11D3-BF4B-00C04F79EFBC}") = "SerializationEx", "..\SerializationEx\SerializationEx.csproj", "{9F74C625-9A41-4109-9C27-06C442B310D1}"
EndProject
Global
	GlobalSection(SolutionConfigurationPlatforms) = preSolution
		Debug|Any CPU = Debug|Any CPU
		Release|Any CPU = Release|Any CPU
	EndGlobalSection
	GlobalSection(ProjectConfigurationPlatforms) = postSolution
		{756E3B48-A9DB-4A0A-B24D-A0D0FCD4C75A}.Debug|Any CPU.ActiveCfg = Debug|Any CPU
		{756E3B48-A9DB-4A0A-B24D-A0D0FCD4C75A}.Debug|Any CPU.Build.0 = Debug|Any CPU
		{756E3B48-A9DB-4A0A-B24D-A0D0FCD4C75A}.Release|Any CPU.ActiveCfg = Release|Any CPU
		{756E3B48-A9DB-4A0A-B24D-A0D0FCD4C75A}.Release|Any CPU.Build.0 = Release|Any CPU
		{9F74C625-9A41-4109-9C27-06C442B310D1}.Debug|Any CPU.ActiveCfg = Debug|Any CPU
		{9F74C625-9A41-4109-9C27-06C442B310D1}.Debug|Any CPU.Build.0 = Debug|Any CPU
		{9F74C625-9A41-4109-9C27-06C442B310D1}.Release|Any CPU.ActiveCfg = Release|Any CPU
		{9F74C625-9A41-4109-9C27-06C442B310D1}.Release|Any CPU.Build.0 = Release|Any CPU
	EndGlobalSection
	GlobalSection(SolutionProperties) = preSolution
		HideSolutionNode = FALSE
	EndGlobalSection
EndGlobal
