Microsoft Visual Studio Solution File, Format Version 9.00
# Visual Studio 2005
Project("{FAE04EC0-301F-11D3-BF4B-00C04F79EFBC}") = "MyApp", "NewObject\MyApp.csproj", "{4E68FAE5-46AE-402A-8FE8-3F2B8B1D7FA2}"
EndProject
Project("{FAE04EC0-301F-11D3-BF4B-00C04F79EFBC}") = "MyClassLibrary", "MyClassLibrary\MyClassLibrary.csproj", "{6ECB539F-6AB4-4821-90C0-3DBE36AC1441}"
EndProject
Project("{FAE04EC0-301F-11D3-BF4B-00C04F79EFBC}") = "NewAppDomain", "NewAppDomain\NewAppDomain.csproj", "{0043889F-76D5-48E6-B101-76B16896E2F4}"
EndProject
Global
	GlobalSection(SolutionConfigurationPlatforms) = preSolution
		Debug|Any CPU = Debug|Any CPU
		Release|Any CPU = Release|Any CPU
	EndGlobalSection
	GlobalSection(ProjectConfigurationPlatforms) = postSolution
		{4E68FAE5-46AE-402A-8FE8-3F2B8B1D7FA2}.Debug|Any CPU.ActiveCfg = Debug|Any CPU
		{4E68FAE5-46AE-402A-8FE8-3F2B8B1D7FA2}.Debug|Any CPU.Build.0 = Debug|Any CPU
		{4E68FAE5-46AE-402A-8FE8-3F2B8B1D7FA2}.Release|Any CPU.ActiveCfg = Release|Any CPU
		{4E68FAE5-46AE-402A-8FE8-3F2B8B1D7FA2}.Release|Any CPU.Build.0 = Release|Any CPU
		{6ECB539F-6AB4-4821-90C0-3DBE36AC1441}.Debug|Any CPU.ActiveCfg = Debug|Any CPU
		{6ECB539F-6AB4-4821-90C0-3DBE36AC1441}.Debug|Any CPU.Build.0 = Debug|Any CPU
		{6ECB539F-6AB4-4821-90C0-3DBE36AC1441}.Release|Any CPU.ActiveCfg = Release|Any CPU
		{6ECB539F-6AB4-4821-90C0-3DBE36AC1441}.Release|Any CPU.Build.0 = Release|Any CPU
		{0043889F-76D5-48E6-B101-76B16896E2F4}.Debug|Any CPU.ActiveCfg = Debug|Any CPU
		{0043889F-76D5-48E6-B101-76B16896E2F4}.Debug|Any CPU.Build.0 = Debug|Any CPU
		{0043889F-76D5-48E6-B101-76B16896E2F4}.Release|Any CPU.ActiveCfg = Release|Any CPU
	EndGlobalSection
	GlobalSection(SolutionProperties) = preSolution
		HideSolutionNode = FALSE
	EndGlobalSection
EndGlobal
